
Microsoft Visual Studio Solution File, Format Version 12.00
# Visual Studio 15
VisualStudioVersion = 15.0.27703.2026
MinimumVisualStudioVersion = 10.0.40219.1
Project("{FAE04EC0-301F-11D3-BF4B-00C04F79EFBC}") = "SQGExport", "SQGExport\SQGExport.csproj", "{CFC990F6-33E2-4D67-9FEA-94E34A2AB33A}"
EndProject
Global
	GlobalSection(SolutionConfigurationPlatforms) = preSolution
		Debug|Any CPU = Debug|Any CPU
		Release|Any CPU = Release|Any CPU
	EndGlobalSection
	GlobalSection(ProjectConfigurationPlatforms) = postSolution
		{CFC990F6-33E2-4D67-9FEA-94E34A2AB33A}.Debug|Any CPU.ActiveCfg = Debug|Any CPU
		{CFC990F6-33E2-4D67-9FEA-94E34A2AB33A}.Debug|Any CPU.Build.0 = Debug|Any CPU
		{CFC990F6-33E2-4D67-9FEA-94E34A2AB33A}.Release|Any CPU.ActiveCfg = Release|Any CPU
		{CFC990F6-33E2-4D67-9FEA-94E34A2AB33A}.Release|Any CPU.Build.0 = Release|Any CPU
	EndGlobalSection
	GlobalSection(SolutionProperties) = preSolution
		HideSolutionNode = FALSE
	EndGlobalSection
	GlobalSection(ExtensibilityGlobals) = postSolution
		SolutionGuid = {D0D082F5-51CD-425C-BF49-CC1CD8E37A21}
	EndGlobalSection
EndGlobal
